
Microsoft Visual Studio Solution File, Format Version 12.00
Project("{FAE04EC0-301F-11D3-BF4B-00C04F79EFBC}") = "Hue1_Management", "Hue1_Management\Hue1_Management.csproj", "{69AFE41B-0648-4E8D-8544-458D1FCFF5A6}"
EndProject
Project("{FAE04EC0-301F-11D3-BF4B-00C04F79EFBC}") = "Hue2_ConsoleChess", "Hue2_ConsoleChess\Hue2_ConsoleChess.csproj", "{F4932B87-7B4D-4D70-BEED-ED9AA9B782C3}"
EndProject
Global
	GlobalSection(SolutionConfigurationPlatforms) = preSolution
		Debug|Any CPU = Debug|Any CPU
		Release|Any CPU = Release|Any CPU
	EndGlobalSection
	GlobalSection(ProjectConfigurationPlatforms) = postSolution
		{69AFE41B-0648-4E8D-8544-458D1FCFF5A6}.Debug|Any CPU.ActiveCfg = Debug|Any CPU
		{69AFE41B-0648-4E8D-8544-458D1FCFF5A6}.Debug|Any CPU.Build.0 = Debug|Any CPU
		{69AFE41B-0648-4E8D-8544-458D1FCFF5A6}.Release|Any CPU.ActiveCfg = Release|Any CPU
		{69AFE41B-0648-4E8D-8544-458D1FCFF5A6}.Release|Any CPU.Build.0 = Release|Any CPU
		{F4932B87-7B4D-4D70-BEED-ED9AA9B782C3}.Debug|Any CPU.ActiveCfg = Debug|Any CPU
		{F4932B87-7B4D-4D70-BEED-ED9AA9B782C3}.Debug|Any CPU.Build.0 = Debug|Any CPU
		{F4932B87-7B4D-4D70-BEED-ED9AA9B782C3}.Release|Any CPU.ActiveCfg = Release|Any CPU
		{F4932B87-7B4D-4D70-BEED-ED9AA9B782C3}.Release|Any CPU.Build.0 = Release|Any CPU
	EndGlobalSection
EndGlobal
